// !$*UTF8*$!
{
	archiveVersion = 1;
	classes = {
	};
	objectVersion = 55;
	objects = {

/* Begin PBXBuildFile section */
		A3D327B5282F2C9000F7411B /* main.swift in Sources */ = {isa = PBXBuildFile; fileRef = A3D327B4282F2C9000F7411B /* main.swift */; };
		A3D327BC282F2D2100F7411B /* CoffeeMenu.swift in Sources */ = {isa = PBXBuildFile; fileRef = A3D327BB282F2D2100F7411B /* CoffeeMenu.swift */; };
		A3D327BE282F2FD100F7411B /* Coffee.swift in Sources */ = {isa = PBXBuildFile; fileRef = A3D327BD282F2FD100F7411B /* Coffee.swift */; };
		A3D327C0282F2FF300F7411B /* CoffeeManager.swift in Sources */ = {isa = PBXBuildFile; fileRef = A3D327BF282F2FF300F7411B /* CoffeeManager.swift */; };
		A3D327C2282F300D00F7411B /* CoffeeShop.swift in Sources */ = {isa = PBXBuildFile; fileRef = A3D327C1282F300D00F7411B /* CoffeeShop.swift */; };
		A3D327C5282F36F600F7411B /* Person.swift in Sources */ = {isa = PBXBuildFile; fileRef = A3D327C4282F36F600F7411B /* Person.swift */; };
/* End PBXBuildFile section */

/* Begin PBXCopyFilesBuildPhase section */
		A3D327AF282F2C9000F7411B /* CopyFiles */ = {
			isa = PBXCopyFilesBuildPhase;
			buildActionMask = 2147483647;
			dstPath = /usr/share/man/man1/;
			dstSubfolderSpec = 0;
			files = (
			);
			runOnlyForDeploymentPostprocessing = 1;
		};
/* End PBXCopyFilesBuildPhase section */

/* Begin PBXFileReference section */
		A3D327B1282F2C9000F7411B /* UML */ = {isa = PBXFileReference; explicitFileType = "compiled.mach-o.executable"; includeInIndex = 0; path = UML; sourceTree = BUILT_PRODUCTS_DIR; };
		A3D327B4282F2C9000F7411B /* main.swift */ = {isa = PBXFileReference; lastKnownFileType = sourcecode.swift; path = main.swift; sourceTree = "<group>"; };
		A3D327BB282F2D2100F7411B /* CoffeeMenu.swift */ = {isa = PBXFileReference; lastKnownFileType = sourcecode.swift; path = CoffeeMenu.swift; sourceTree = "<group>"; };
		A3D327BD282F2FD100F7411B /* Coffee.swift */ = {isa = PBXFileReference; lastKnownFileType = sourcecode.swift; path = Coffee.swift; sourceTree = "<group>"; };
		A3D327BF282F2FF300F7411B /* CoffeeManager.swift */ = {isa = PBXFileReference; lastKnownFileType = sourcecode.swift; path = CoffeeManager.swift; sourceTree = "<group>"; };
		A3D327C1282F300D00F7411B /* CoffeeShop.swift */ = {isa = PBXFileReference; lastKnownFileType = sourcecode.swift; path = CoffeeShop.swift; sourceTree = "<group>"; };
		A3D327C4282F36F600F7411B /* Person.swift */ = {isa = PBXFileReference; lastKnownFileType = sourcecode.swift; path = Person.swift; sourceTree = "<group>"; };
/* End PBXFileReference section */

/* Begin PBXFrameworksBuildPhase section */
		A3D327AE282F2C9000F7411B /* Frameworks */ = {
			isa = PBXFrameworksBuildPhase;
			buildActionMask = 2147483647;
			files = (
			);
			runOnlyForDeploymentPostprocessing = 0;
		};
/* End PBXFrameworksBuildPhase section */

/* Begin PBXGroup section */
		A3B9E6A8282F4ECE0019069B /* Class */ = {
			isa = PBXGroup;
			children = (
				A3D327C4282F36F600F7411B /* Person.swift */,
				A3D327BD282F2FD100F7411B /* Coffee.swift */,
				A3D327C1282F300D00F7411B /* CoffeeShop.swift */,
				A3D327BF282F2FF300F7411B /* CoffeeManager.swift */,
			);
			path = Class;
			sourceTree = "<group>";
		};
		A3D327A8282F2C9000F7411B = {
			isa = PBXGroup;
			children = (
				A3D327B3282F2C9000F7411B /* UML */,
				A3D327B2282F2C9000F7411B /* Products */,
			);
			sourceTree = "<group>";
		};
		A3D327B2282F2C9000F7411B /* Products */ = {
			isa = PBXGroup;
			children = (
				A3D327B1282F2C9000F7411B /* UML */,
			);
			name = Products;
			sourceTree = "<group>";
		};
		A3D327B3282F2C9000F7411B /* UML */ = {
			isa = PBXGroup;
			children = (
				A3D327B4282F2C9000F7411B /* main.swift */,
				A3B9E6A8282F4ECE0019069B /* Class */,
				A3D327C3282F303E00F7411B /* Enum */,
			);
			path = UML;
			sourceTree = "<group>";
		};
		A3D327C3282F303E00F7411B /* Enum */ = {
			isa = PBXGroup;
			children = (
				A3D327BB282F2D2100F7411B /* CoffeeMenu.swift */,
			);
			path = Enum;
			sourceTree = "<group>";
		};
/* End PBXGroup section */

/* Begin PBXNativeTarget section */
		A3D327B0282F2C9000F7411B /* UML */ = {
			isa = PBXNativeTarget;
			buildConfigurationList = A3D327B8282F2C9000F7411B /* Build configuration list for PBXNativeTarget "UML" */;
			buildPhases = (
				A3D327AD282F2C9000F7411B /* Sources */,
				A3D327AE282F2C9000F7411B /* Frameworks */,
				A3D327AF282F2C9000F7411B /* CopyFiles */,
			);
			buildRules = (
			);
			dependencies = (
			);
			name = UML;
			productName = UML;
			productReference = A3D327B1282F2C9000F7411B /* UML */;
			productType = "com.apple.product-type.tool";
		};
/* End PBXNativeTarget section */

/* Begin PBXProject section */
		A3D327A9282F2C9000F7411B /* Project object */ = {
			isa = PBXProject;
			attributes = {
				BuildIndependentTargetsInParallel = 1;
				LastSwiftUpdateCheck = 1330;
				LastUpgradeCheck = 1330;
				TargetAttributes = {
					A3D327B0282F2C9000F7411B = {
						CreatedOnToolsVersion = 13.3;
					};
				};
			};
			buildConfigurationList = A3D327AC282F2C9000F7411B /* Build configuration list for PBXProject "UML" */;
			compatibilityVersion = "Xcode 13.0";
			developmentRegion = en;
			hasScannedForEncodings = 0;
			knownRegions = (
				en,
				Base,
			);
			mainGroup = A3D327A8282F2C9000F7411B;
			productRefGroup = A3D327B2282F2C9000F7411B /* Products */;
			projectDirPath = "";
			projectRoot = "";
			targets = (
				A3D327B0282F2C9000F7411B /* UML */,
			);
		};
/* End PBXProject section */

/* Begin PBXSourcesBuildPhase section */
		A3D327AD282F2C9000F7411B /* Sources */ = {
			isa = PBXSourcesBuildPhase;
			buildActionMask = 2147483647;
			files = (
				A3D327C5282F36F600F7411B /* Person.swift in Sources */,
				A3D327B5282F2C9000F7411B /* main.swift in Sources */,
				A3D327C2282F300D00F7411B /* CoffeeShop.swift in Sources */,
				A3D327C0282F2FF300F7411B /* CoffeeManager.swift in Sources */,
				A3D327BC282F2D2100F7411B /* CoffeeMenu.swift in Sources */,
				A3D327BE282F2FD100F7411B /* Coffee.swift in Sources */,
			);
			runOnlyForDeploymentPostprocessing = 0;
		};
/* End PBXSourcesBuildPhase section */

/* Begin XCBuildConfiguration section */
		A3D327B6282F2C9000F7411B /* Debug */ = {
			isa = XCBuildConfiguration;
			buildSettings = {
				ALWAYS_SEARCH_USER_PATHS = NO;
				CLANG_ANALYZER_NONNULL = YES;
				CLANG_ANALYZER_NUMBER_OBJECT_CONVERSION = YES_AGGRESSIVE;
				CLANG_CXX_LANGUAGE_STANDARD = "gnu++17";
				CLANG_ENABLE_MODULES = YES;
				CLANG_ENABLE_OBJC_ARC = YES;
				CLANG_ENABLE_OBJC_WEAK = YES;
				CLANG_WARN_BLOCK_CAPTURE_AUTORELEASING = YES;
				CLANG_WARN_BOOL_CONVERSION = YES;
				CLANG_WARN_COMMA = YES;
				CLANG_WARN_CONSTANT_CONVERSION = YES;
				CLANG_WARN_DEPRECATED_OBJC_IMPLEMENTATIONS = YES;
				CLANG_WARN_DIRECT_OBJC_ISA_USAGE = YES_ERROR;
				CLANG_WARN_DOCUMENTATION_COMMENTS = YES;
				CLANG_WARN_EMPTY_BODY = YES;
				CLANG_WARN_ENUM_CONVERSION = YES;
				CLANG_WARN_INFINITE_RECURSION = YES;
				CLANG_WARN_INT_CONVERSION = YES;
				CLANG_WARN_NON_LITERAL_NULL_CONVERSION = YES;
				CLANG_WARN_OBJC_IMPLICIT_RETAIN_SELF = YES;
				CLANG_WARN_OBJC_LITERAL_CONVERSION = YES;
				CLANG_WARN_OBJC_ROOT_CLASS = YES_ERROR;
				CLANG_WARN_QUOTED_INCLUDE_IN_FRAMEWORK_HEADER = YES;
				CLANG_WARN_RANGE_LOOP_ANALYSIS = YES;
				CLANG_WARN_STRICT_PROTOTYPES = YES;
				CLANG_WARN_SUSPICIOUS_MOVE = YES;
				CLANG_WARN_UNGUARDED_AVAILABILITY = YES_AGGRESSIVE;
				CLANG_WARN_UNREACHABLE_CODE = YES;
				CLANG_WARN__DUPLICATE_METHOD_MATCH = YES;
				COPY_PHASE_STRIP = NO;
				DEBUG_INFORMATION_FORMAT = dwarf;
				ENABLE_STRICT_OBJC_MSGSEND = YES;
				ENABLE_TESTABILITY = YES;
				GCC_C_LANGUAGE_STANDARD = gnu11;
				GCC_DYNAMIC_NO_PIC = NO;
				GCC_NO_COMMON_BLOCKS = YES;
				GCC_OPTIMIZATION_LEVEL = 0;
				GCC_PREPROCESSOR_DEFINITIONS = (
					"DEBUG=1",
					"$(inherited)",
				);
				GCC_WARN_64_TO_32_BIT_CONVERSION = YES;
				GCC_WARN_ABOUT_RETURN_TYPE = YES_ERROR;
				GCC_WARN_UNDECLARED_SELECTOR = YES;
				GCC_WARN_UNINITIALIZED_AUTOS = YES_AGGRESSIVE;
				GCC_WARN_UNUSED_FUNCTION = YES;
				GCC_WARN_UNUSED_VARIABLE = YES;
				MACOSX_DEPLOYMENT_TARGET = 12.3;
				MTL_ENABLE_DEBUG_INFO = INCLUDE_SOURCE;
				MTL_FAST_MATH = YES;
				ONLY_ACTIVE_ARCH = YES;
				SDKROOT = macosx;
				SWIFT_ACTIVE_COMPILATION_CONDITIONS = DEBUG;
				SWIFT_OPTIMIZATION_LEVEL = "-Onone";
			};
			name = Debug;
		};
		A3D327B7282F2C9000F7411B /* Release */ = {
			isa = XCBuildConfiguration;
			buildSettings = {
				ALWAYS_SEARCH_USER_PATHS = NO;
				CLANG_ANALYZER_NONNULL = YES;
				CLANG_ANALYZER_NUMBER_OBJECT_CONVERSION = YES_AGGRESSIVE;
				CLANG_CXX_LANGUAGE_STANDARD = "gnu++17";
				CLANG_ENABLE_MODULES = YES;
				CLANG_ENABLE_OBJC_ARC = YES;
				CLANG_ENABLE_OBJC_WEAK = YES;
				CLANG_WARN_BLOCK_CAPTURE_AUTORELEASING = YES;
				CLANG_WARN_BOOL_CONVERSION = YES;
				CLANG_WARN_COMMA = YES;
				CLANG_WARN_CONSTANT_CONVERSION = YES;
				CLANG_WARN_DEPRECATED_OBJC_IMPLEMENTATIONS = YES;
				CLANG_WARN_DIRECT_OBJC_ISA_USAGE = YES_ERROR;
				CLANG_WARN_DOCUMENTATION_COMMENTS = YES;
				CLANG_WARN_EMPTY_BODY = YES;
				CLANG_WARN_ENUM_CONVERSION = YES;
				CLANG_WARN_INFINITE_RECURSION = YES;
				CLANG_WARN_INT_CONVERSION = YES;
				CLANG_WARN_NON_LITERAL_NULL_CONVERSION = YES;
				CLANG_WARN_OBJC_IMPLICIT_RETAIN_SELF = YES;
				CLANG_WARN_OBJC_LITERAL_CONVERSION = YES;
				CLANG_WARN_OBJC_ROOT_CLASS = YES_ERROR;
				CLANG_WARN_QUOTED_INCLUDE_IN_FRAMEWORK_HEADER = YES;
				CLANG_WARN_RANGE_LOOP_ANALYSIS = YES;
				CLANG_WARN_STRICT_PROTOTYPES = YES;
				CLANG_WARN_SUSPICIOUS_MOVE = YES;
				CLANG_WARN_UNGUARDED_AVAILABILITY = YES_AGGRESSIVE;
				CLANG_WARN_UNREACHABLE_CODE = YES;
				CLANG_WARN__DUPLICATE_METHOD_MATCH = YES;
				COPY_PHASE_STRIP = NO;
				DEBUG_INFORMATION_FORMAT = "dwarf-with-dsym";
				ENABLE_NS_ASSERTIONS = NO;
				ENABLE_STRICT_OBJC_MSGSEND = YES;
				GCC_C_LANGUAGE_STANDARD = gnu11;
				GCC_NO_COMMON_BLOCKS = YES;
				GCC_WARN_64_TO_32_BIT_CONVERSION = YES;
				GCC_WARN_ABOUT_RETURN_TYPE = YES_ERROR;
				GCC_WARN_UNDECLARED_SELECTOR = YES;
				GCC_WARN_UNINITIALIZED_AUTOS = YES_AGGRESSIVE;
				GCC_WARN_UNUSED_FUNCTION = YES;
				GCC_WARN_UNUSED_VARIABLE = YES;
				MACOSX_DEPLOYMENT_TARGET = 12.3;
				MTL_ENABLE_DEBUG_INFO = NO;
				MTL_FAST_MATH = YES;
				SDKROOT = macosx;
				SWIFT_COMPILATION_MODE = wholemodule;
				SWIFT_OPTIMIZATION_LEVEL = "-O";
			};
			name = Release;
		};
		A3D327B9282F2C9000F7411B /* Debug */ = {
			isa = XCBuildConfiguration;
			buildSettings = {
				CODE_SIGN_STYLE = Automatic;
				PRODUCT_NAME = "$(TARGET_NAME)";
				SWIFT_VERSION = 5.0;
			};
			name = Debug;
		};
		A3D327BA282F2C9000F7411B /* Release */ = {
			isa = XCBuildConfiguration;
			buildSettings = {
				CODE_SIGN_STYLE = Automatic;
				PRODUCT_NAME = "$(TARGET_NAME)";
				SWIFT_VERSION = 5.0;
			};
			name = Release;
		};
/* End XCBuildConfiguration section */

/* Begin XCConfigurationList section */
		A3D327AC282F2C9000F7411B /* Build configuration list for PBXProject "UML" */ = {
			isa = XCConfigurationList;
			buildConfigurations = (
				A3D327B6282F2C9000F7411B /* Debug */,
				A3D327B7282F2C9000F7411B /* Release */,
			);
			defaultConfigurationIsVisible = 0;
			defaultConfigurationName = Release;
		};
		A3D327B8282F2C9000F7411B /* Build configuration list for PBXNativeTarget "UML" */ = {
			isa = XCConfigurationList;
			buildConfigurations = (
				A3D327B9282F2C9000F7411B /* Debug */,
				A3D327BA282F2C9000F7411B /* Release */,
			);
			defaultConfigurationIsVisible = 0;
			defaultConfigurationName = Release;
		};
/* End XCConfigurationList section */
	};
	rootObject = A3D327A9282F2C9000F7411B /* Project object */;
}
