// !$*UTF8*$!
{
	archiveVersion = 1;
	classes = {
	};
	objectVersion = 55;
	objects = {

/* Begin PBXBuildFile section */
		90224F45282F2AB900B57294 /* AppDelegate.swift in Sources */ = {isa = PBXBuildFile; fileRef = 90224F44282F2AB900B57294 /* AppDelegate.swift */; };
		90224F47282F2AB900B57294 /* SceneDelegate.swift in Sources */ = {isa = PBXBuildFile; fileRef = 90224F46282F2AB900B57294 /* SceneDelegate.swift */; };
		90224F49282F2AB900B57294 /* ViewController.swift in Sources */ = {isa = PBXBuildFile; fileRef = 90224F48282F2AB900B57294 /* ViewController.swift */; };
		90224F4C282F2AB900B57294 /* Main.storyboard in Resources */ = {isa = PBXBuildFile; fileRef = 90224F4A282F2AB900B57294 /* Main.storyboard */; };
		90224F4E282F2ABB00B57294 /* Assets.xcassets in Resources */ = {isa = PBXBuildFile; fileRef = 90224F4D282F2ABB00B57294 /* Assets.xcassets */; };
		90224F51282F2ABB00B57294 /* LaunchScreen.storyboard in Resources */ = {isa = PBXBuildFile; fileRef = 90224F4F282F2ABB00B57294 /* LaunchScreen.storyboard */; };
		90224F5C282F2ABB00B57294 /* UML_SampleTests.swift in Sources */ = {isa = PBXBuildFile; fileRef = 90224F5B282F2ABB00B57294 /* UML_SampleTests.swift */; };
		90224F66282F2ABB00B57294 /* UML_SampleUITests.swift in Sources */ = {isa = PBXBuildFile; fileRef = 90224F65282F2ABB00B57294 /* UML_SampleUITests.swift */; };
		90224F68282F2ABB00B57294 /* UML_SampleUITestsLaunchTests.swift in Sources */ = {isa = PBXBuildFile; fileRef = 90224F67282F2ABB00B57294 /* UML_SampleUITestsLaunchTests.swift */; };
		90224F75282F2B3400B57294 /* Person.swift in Sources */ = {isa = PBXBuildFile; fileRef = 90224F74282F2B3400B57294 /* Person.swift */; };
		90224F77282F2B8400B57294 /* Coffee.swift in Sources */ = {isa = PBXBuildFile; fileRef = 90224F76282F2B8400B57294 /* Coffee.swift */; };
/* End PBXBuildFile section */

/* Begin PBXContainerItemProxy section */
		90224F58282F2ABB00B57294 /* PBXContainerItemProxy */ = {
			isa = PBXContainerItemProxy;
			containerPortal = 90224F39282F2AB900B57294 /* Project object */;
			proxyType = 1;
			remoteGlobalIDString = 90224F40282F2AB900B57294;
			remoteInfo = UML_Sample;
		};
		90224F62282F2ABB00B57294 /* PBXContainerItemProxy */ = {
			isa = PBXContainerItemProxy;
			containerPortal = 90224F39282F2AB900B57294 /* Project object */;
			proxyType = 1;
			remoteGlobalIDString = 90224F40282F2AB900B57294;
			remoteInfo = UML_Sample;
		};
/* End PBXContainerItemProxy section */

/* Begin PBXFileReference section */
		90224F41282F2AB900B57294 /* UML_Sample.app */ = {isa = PBXFileReference; explicitFileType = wrapper.application; includeInIndex = 0; path = UML_Sample.app; sourceTree = BUILT_PRODUCTS_DIR; };
		90224F44282F2AB900B57294 /* AppDelegate.swift */ = {isa = PBXFileReference; lastKnownFileType = sourcecode.swift; path = AppDelegate.swift; sourceTree = "<group>"; };
		90224F46282F2AB900B57294 /* SceneDelegate.swift */ = {isa = PBXFileReference; lastKnownFileType = sourcecode.swift; path = SceneDelegate.swift; sourceTree = "<group>"; };
		90224F48282F2AB900B57294 /* ViewController.swift */ = {isa = PBXFileReference; lastKnownFileType = sourcecode.swift; path = ViewController.swift; sourceTree = "<group>"; };
		90224F4B282F2AB900B57294 /* Base */ = {isa = PBXFileReference; lastKnownFileType = file.storyboard; name = Base; path = Base.lproj/Main.storyboard; sourceTree = "<group>"; };
		90224F4D282F2ABB00B57294 /* Assets.xcassets */ = {isa = PBXFileReference; lastKnownFileType = folder.assetcatalog; path = Assets.xcassets; sourceTree = "<group>"; };
		90224F50282F2ABB00B57294 /* Base */ = {isa = PBXFileReference; lastKnownFileType = file.storyboard; name = Base; path = Base.lproj/LaunchScreen.storyboard; sourceTree = "<group>"; };
		90224F52282F2ABB00B57294 /* Info.plist */ = {isa = PBXFileReference; lastKnownFileType = text.plist.xml; path = Info.plist; sourceTree = "<group>"; };
		90224F57282F2ABB00B57294 /* UML_SampleTests.xctest */ = {isa = PBXFileReference; explicitFileType = wrapper.cfbundle; includeInIndex = 0; path = UML_SampleTests.xctest; sourceTree = BUILT_PRODUCTS_DIR; };
		90224F5B282F2ABB00B57294 /* UML_SampleTests.swift */ = {isa = PBXFileReference; lastKnownFileType = sourcecode.swift; path = UML_SampleTests.swift; sourceTree = "<group>"; };
		90224F61282F2ABB00B57294 /* UML_SampleUITests.xctest */ = {isa = PBXFileReference; explicitFileType = wrapper.cfbundle; includeInIndex = 0; path = UML_SampleUITests.xctest; sourceTree = BUILT_PRODUCTS_DIR; };
		90224F65282F2ABB00B57294 /* UML_SampleUITests.swift */ = {isa = PBXFileReference; lastKnownFileType = sourcecode.swift; path = UML_SampleUITests.swift; sourceTree = "<group>"; };
		90224F67282F2ABB00B57294 /* UML_SampleUITestsLaunchTests.swift */ = {isa = PBXFileReference; lastKnownFileType = sourcecode.swift; path = UML_SampleUITestsLaunchTests.swift; sourceTree = "<group>"; };
		90224F74282F2B3400B57294 /* Person.swift */ = {isa = PBXFileReference; lastKnownFileType = sourcecode.swift; path = Person.swift; sourceTree = "<group>"; };
		90224F76282F2B8400B57294 /* Coffee.swift */ = {isa = PBXFileReference; lastKnownFileType = sourcecode.swift; path = Coffee.swift; sourceTree = "<group>"; };
/* End PBXFileReference section */

/* Begin PBXFrameworksBuildPhase section */
		90224F3E282F2AB900B57294 /* Frameworks */ = {
			isa = PBXFrameworksBuildPhase;
			buildActionMask = 2147483647;
			files = (
			);
			runOnlyForDeploymentPostprocessing = 0;
		};
		90224F54282F2ABB00B57294 /* Frameworks */ = {
			isa = PBXFrameworksBuildPhase;
			buildActionMask = 2147483647;
			files = (
			);
			runOnlyForDeploymentPostprocessing = 0;
		};
		90224F5E282F2ABB00B57294 /* Frameworks */ = {
			isa = PBXFrameworksBuildPhase;
			buildActionMask = 2147483647;
			files = (
			);
			runOnlyForDeploymentPostprocessing = 0;
		};
/* End PBXFrameworksBuildPhase section */

/* Begin PBXGroup section */
		90224F38282F2AB900B57294 = {
			isa = PBXGroup;
			children = (
				90224F43282F2AB900B57294 /* UML_Sample */,
				90224F5A282F2ABB00B57294 /* UML_SampleTests */,
				90224F64282F2ABB00B57294 /* UML_SampleUITests */,
				90224F42282F2AB900B57294 /* Products */,
			);
			sourceTree = "<group>";
		};
		90224F42282F2AB900B57294 /* Products */ = {
			isa = PBXGroup;
			children = (
				90224F41282F2AB900B57294 /* UML_Sample.app */,
				90224F57282F2ABB00B57294 /* UML_SampleTests.xctest */,
				90224F61282F2ABB00B57294 /* UML_SampleUITests.xctest */,
			);
			name = Products;
			sourceTree = "<group>";
		};
		90224F43282F2AB900B57294 /* UML_Sample */ = {
			isa = PBXGroup;
			children = (
				90224F44282F2AB900B57294 /* AppDelegate.swift */,
				90224F46282F2AB900B57294 /* SceneDelegate.swift */,
				90224F48282F2AB900B57294 /* ViewController.swift */,
				90224F76282F2B8400B57294 /* Coffee.swift */,
				90224F74282F2B3400B57294 /* Person.swift */,
				90224F4A282F2AB900B57294 /* Main.storyboard */,
				90224F4D282F2ABB00B57294 /* Assets.xcassets */,
				90224F4F282F2ABB00B57294 /* LaunchScreen.storyboard */,
				90224F52282F2ABB00B57294 /* Info.plist */,
			);
			path = UML_Sample;
			sourceTree = "<group>";
		};
		90224F5A282F2ABB00B57294 /* UML_SampleTests */ = {
			isa = PBXGroup;
			children = (
				90224F5B282F2ABB00B57294 /* UML_SampleTests.swift */,
			);
			path = UML_SampleTests;
			sourceTree = "<group>";
		};
		90224F64282F2ABB00B57294 /* UML_SampleUITests */ = {
			isa = PBXGroup;
			children = (
				90224F65282F2ABB00B57294 /* UML_SampleUITests.swift */,
				90224F67282F2ABB00B57294 /* UML_SampleUITestsLaunchTests.swift */,
			);
			path = UML_SampleUITests;
			sourceTree = "<group>";
		};
/* End PBXGroup section */

/* Begin PBXNativeTarget section */
		90224F40282F2AB900B57294 /* UML_Sample */ = {
			isa = PBXNativeTarget;
			buildConfigurationList = 90224F6B282F2ABB00B57294 /* Build configuration list for PBXNativeTarget "UML_Sample" */;
			buildPhases = (
				90224F3D282F2AB900B57294 /* Sources */,
				90224F3E282F2AB900B57294 /* Frameworks */,
				90224F3F282F2AB900B57294 /* Resources */,
			);
			buildRules = (
			);
			dependencies = (
			);
			name = UML_Sample;
			productName = UML_Sample;
			productReference = 90224F41282F2AB900B57294 /* UML_Sample.app */;
			productType = "com.apple.product-type.application";
		};
		90224F56282F2ABB00B57294 /* UML_SampleTests */ = {
			isa = PBXNativeTarget;
			buildConfigurationList = 90224F6E282F2ABB00B57294 /* Build configuration list for PBXNativeTarget "UML_SampleTests" */;
			buildPhases = (
				90224F53282F2ABB00B57294 /* Sources */,
				90224F54282F2ABB00B57294 /* Frameworks */,
				90224F55282F2ABB00B57294 /* Resources */,
			);
			buildRules = (
			);
			dependencies = (
				90224F59282F2ABB00B57294 /* PBXTargetDependency */,
			);
			name = UML_SampleTests;
			productName = UML_SampleTests;
			productReference = 90224F57282F2ABB00B57294 /* UML_SampleTests.xctest */;
			productType = "com.apple.product-type.bundle.unit-test";
		};
		90224F60282F2ABB00B57294 /* UML_SampleUITests */ = {
			isa = PBXNativeTarget;
			buildConfigurationList = 90224F71282F2ABB00B57294 /* Build configuration list for PBXNativeTarget "UML_SampleUITests" */;
			buildPhases = (
				90224F5D282F2ABB00B57294 /* Sources */,
				90224F5E282F2ABB00B57294 /* Frameworks */,
				90224F5F282F2ABB00B57294 /* Resources */,
			);
			buildRules = (
			);
			dependencies = (
				90224F63282F2ABB00B57294 /* PBXTargetDependency */,
			);
			name = UML_SampleUITests;
			productName = UML_SampleUITests;
			productReference = 90224F61282F2ABB00B57294 /* UML_SampleUITests.xctest */;
			productType = "com.apple.product-type.bundle.ui-testing";
		};
/* End PBXNativeTarget section */

/* Begin PBXProject section */
		90224F39282F2AB900B57294 /* Project object */ = {
			isa = PBXProject;
			attributes = {
				BuildIndependentTargetsInParallel = 1;
				LastSwiftUpdateCheck = 1330;
				LastUpgradeCheck = 1330;
				TargetAttributes = {
					90224F40282F2AB900B57294 = {
						CreatedOnToolsVersion = 13.3.1;
					};
					90224F56282F2ABB00B57294 = {
						CreatedOnToolsVersion = 13.3.1;
						TestTargetID = 90224F40282F2AB900B57294;
					};
					90224F60282F2ABB00B57294 = {
						CreatedOnToolsVersion = 13.3.1;
						TestTargetID = 90224F40282F2AB900B57294;
					};
				};
			};
			buildConfigurationList = 90224F3C282F2AB900B57294 /* Build configuration list for PBXProject "UML_Sample" */;
			compatibilityVersion = "Xcode 13.0";
			developmentRegion = en;
			hasScannedForEncodings = 0;
			knownRegions = (
				en,
				Base,
			);
			mainGroup = 90224F38282F2AB900B57294;
			productRefGroup = 90224F42282F2AB900B57294 /* Products */;
			projectDirPath = "";
			projectRoot = "";
			targets = (
				90224F40282F2AB900B57294 /* UML_Sample */,
				90224F56282F2ABB00B57294 /* UML_SampleTests */,
				90224F60282F2ABB00B57294 /* UML_SampleUITests */,
			);
		};
/* End PBXProject section */

/* Begin PBXResourcesBuildPhase section */
		90224F3F282F2AB900B57294 /* Resources */ = {
			isa = PBXResourcesBuildPhase;
			buildActionMask = 2147483647;
			files = (
				90224F51282F2ABB00B57294 /* LaunchScreen.storyboard in Resources */,
				90224F4E282F2ABB00B57294 /* Assets.xcassets in Resources */,
				90224F4C282F2AB900B57294 /* Main.storyboard in Resources */,
			);
			runOnlyForDeploymentPostprocessing = 0;
		};
		90224F55282F2ABB00B57294 /* Resources */ = {
			isa = PBXResourcesBuildPhase;
			buildActionMask = 2147483647;
			files = (
			);
			runOnlyForDeploymentPostprocessing = 0;
		};
		90224F5F282F2ABB00B57294 /* Resources */ = {
			isa = PBXResourcesBuildPhase;
			buildActionMask = 2147483647;
			files = (
			);
			runOnlyForDeploymentPostprocessing = 0;
		};
/* End PBXResourcesBuildPhase section */

/* Begin PBXSourcesBuildPhase section */
		90224F3D282F2AB900B57294 /* Sources */ = {
			isa = PBXSourcesBuildPhase;
			buildActionMask = 2147483647;
			files = (
				90224F49282F2AB900B57294 /* ViewController.swift in Sources */,
				90224F45282F2AB900B57294 /* AppDelegate.swift in Sources */,
				90224F75282F2B3400B57294 /* Person.swift in Sources */,
				90224F47282F2AB900B57294 /* SceneDelegate.swift in Sources */,
				90224F77282F2B8400B57294 /* Coffee.swift in Sources */,
			);
			runOnlyForDeploymentPostprocessing = 0;
		};
		90224F53282F2ABB00B57294 /* Sources */ = {
			isa = PBXSourcesBuildPhase;
			buildActionMask = 2147483647;
			files = (
				90224F5C282F2ABB00B57294 /* UML_SampleTests.swift in Sources */,
			);
			runOnlyForDeploymentPostprocessing = 0;
		};
		90224F5D282F2ABB00B57294 /* Sources */ = {
			isa = PBXSourcesBuildPhase;
			buildActionMask = 2147483647;
			files = (
				90224F66282F2ABB00B57294 /* UML_SampleUITests.swift in Sources */,
				90224F68282F2ABB00B57294 /* UML_SampleUITestsLaunchTests.swift in Sources */,
			);
			runOnlyForDeploymentPostprocessing = 0;
		};
/* End PBXSourcesBuildPhase section */

/* Begin PBXTargetDependency section */
		90224F59282F2ABB00B57294 /* PBXTargetDependency */ = {
			isa = PBXTargetDependency;
			target = 90224F40282F2AB900B57294 /* UML_Sample */;
			targetProxy = 90224F58282F2ABB00B57294 /* PBXContainerItemProxy */;
		};
		90224F63282F2ABB00B57294 /* PBXTargetDependency */ = {
			isa = PBXTargetDependency;
			target = 90224F40282F2AB900B57294 /* UML_Sample */;
			targetProxy = 90224F62282F2ABB00B57294 /* PBXContainerItemProxy */;
		};
/* End PBXTargetDependency section */

/* Begin PBXVariantGroup section */
		90224F4A282F2AB900B57294 /* Main.storyboard */ = {
			isa = PBXVariantGroup;
			children = (
				90224F4B282F2AB900B57294 /* Base */,
			);
			name = Main.storyboard;
			sourceTree = "<group>";
		};
		90224F4F282F2ABB00B57294 /* LaunchScreen.storyboard */ = {
			isa = PBXVariantGroup;
			children = (
				90224F50282F2ABB00B57294 /* Base */,
			);
			name = LaunchScreen.storyboard;
			sourceTree = "<group>";
		};
/* End PBXVariantGroup section */

/* Begin XCBuildConfiguration section */
		90224F69282F2ABB00B57294 /* Debug */ = {
			isa = XCBuildConfiguration;
			buildSettings = {
				ALWAYS_SEARCH_USER_PATHS = NO;
				CLANG_ANALYZER_NONNULL = YES;
				CLANG_ANALYZER_NUMBER_OBJECT_CONVERSION = YES_AGGRESSIVE;
				CLANG_CXX_LANGUAGE_STANDARD = "gnu++17";
				CLANG_ENABLE_MODULES = YES;
				CLANG_ENABLE_OBJC_ARC = YES;
				CLANG_ENABLE_OBJC_WEAK = YES;
				CLANG_WARN_BLOCK_CAPTURE_AUTORELEASING = YES;
				CLANG_WARN_BOOL_CONVERSION = YES;
				CLANG_WARN_COMMA = YES;
				CLANG_WARN_CONSTANT_CONVERSION = YES;
				CLANG_WARN_DEPRECATED_OBJC_IMPLEMENTATIONS = YES;
				CLANG_WARN_DIRECT_OBJC_ISA_USAGE = YES_ERROR;
				CLANG_WARN_DOCUMENTATION_COMMENTS = YES;
				CLANG_WARN_EMPTY_BODY = YES;
				CLANG_WARN_ENUM_CONVERSION = YES;
				CLANG_WARN_INFINITE_RECURSION = YES;
				CLANG_WARN_INT_CONVERSION = YES;
				CLANG_WARN_NON_LITERAL_NULL_CONVERSION = YES;
				CLANG_WARN_OBJC_IMPLICIT_RETAIN_SELF = YES;
				CLANG_WARN_OBJC_LITERAL_CONVERSION = YES;
				CLANG_WARN_OBJC_ROOT_CLASS = YES_ERROR;
				CLANG_WARN_QUOTED_INCLUDE_IN_FRAMEWORK_HEADER = YES;
				CLANG_WARN_RANGE_LOOP_ANALYSIS = YES;
				CLANG_WARN_STRICT_PROTOTYPES = YES;
				CLANG_WARN_SUSPICIOUS_MOVE = YES;
				CLANG_WARN_UNGUARDED_AVAILABILITY = YES_AGGRESSIVE;
				CLANG_WARN_UNREACHABLE_CODE = YES;
				CLANG_WARN__DUPLICATE_METHOD_MATCH = YES;
				COPY_PHASE_STRIP = NO;
				DEBUG_INFORMATION_FORMAT = dwarf;
				ENABLE_STRICT_OBJC_MSGSEND = YES;
				ENABLE_TESTABILITY = YES;
				GCC_C_LANGUAGE_STANDARD = gnu11;
				GCC_DYNAMIC_NO_PIC = NO;
				GCC_NO_COMMON_BLOCKS = YES;
				GCC_OPTIMIZATION_LEVEL = 0;
				GCC_PREPROCESSOR_DEFINITIONS = (
					"DEBUG=1",
					"$(inherited)",
				);
				GCC_WARN_64_TO_32_BIT_CONVERSION = YES;
				GCC_WARN_ABOUT_RETURN_TYPE = YES_ERROR;
				GCC_WARN_UNDECLARED_SELECTOR = YES;
				GCC_WARN_UNINITIALIZED_AUTOS = YES_AGGRESSIVE;
				GCC_WARN_UNUSED_FUNCTION = YES;
				GCC_WARN_UNUSED_VARIABLE = YES;
				IPHONEOS_DEPLOYMENT_TARGET = 15.4;
				MTL_ENABLE_DEBUG_INFO = INCLUDE_SOURCE;
				MTL_FAST_MATH = YES;
				ONLY_ACTIVE_ARCH = YES;
				SDKROOT = iphoneos;
				SWIFT_ACTIVE_COMPILATION_CONDITIONS = DEBUG;
				SWIFT_OPTIMIZATION_LEVEL = "-Onone";
			};
			name = Debug;
		};
		90224F6A282F2ABB00B57294 /* Release */ = {
			isa = XCBuildConfiguration;
			buildSettings = {
				ALWAYS_SEARCH_USER_PATHS = NO;
				CLANG_ANALYZER_NONNULL = YES;
				CLANG_ANALYZER_NUMBER_OBJECT_CONVERSION = YES_AGGRESSIVE;
				CLANG_CXX_LANGUAGE_STANDARD = "gnu++17";
				CLANG_ENABLE_MODULES = YES;
				CLANG_ENABLE_OBJC_ARC = YES;
				CLANG_ENABLE_OBJC_WEAK = YES;
				CLANG_WARN_BLOCK_CAPTURE_AUTORELEASING = YES;
				CLANG_WARN_BOOL_CONVERSION = YES;
				CLANG_WARN_COMMA = YES;
				CLANG_WARN_CONSTANT_CONVERSION = YES;
				CLANG_WARN_DEPRECATED_OBJC_IMPLEMENTATIONS = YES;
				CLANG_WARN_DIRECT_OBJC_ISA_USAGE = YES_ERROR;
				CLANG_WARN_DOCUMENTATION_COMMENTS = YES;
				CLANG_WARN_EMPTY_BODY = YES;
				CLANG_WARN_ENUM_CONVERSION = YES;
				CLANG_WARN_INFINITE_RECURSION = YES;
				CLANG_WARN_INT_CONVERSION = YES;
				CLANG_WARN_NON_LITERAL_NULL_CONVERSION = YES;
				CLANG_WARN_OBJC_IMPLICIT_RETAIN_SELF = YES;
				CLANG_WARN_OBJC_LITERAL_CONVERSION = YES;
				CLANG_WARN_OBJC_ROOT_CLASS = YES_ERROR;
				CLANG_WARN_QUOTED_INCLUDE_IN_FRAMEWORK_HEADER = YES;
				CLANG_WARN_RANGE_LOOP_ANALYSIS = YES;
				CLANG_WARN_STRICT_PROTOTYPES = YES;
				CLANG_WARN_SUSPICIOUS_MOVE = YES;
				CLANG_WARN_UNGUARDED_AVAILABILITY = YES_AGGRESSIVE;
				CLANG_WARN_UNREACHABLE_CODE = YES;
				CLANG_WARN__DUPLICATE_METHOD_MATCH = YES;
				COPY_PHASE_STRIP = NO;
				DEBUG_INFORMATION_FORMAT = "dwarf-with-dsym";
				ENABLE_NS_ASSERTIONS = NO;
				ENABLE_STRICT_OBJC_MSGSEND = YES;
				GCC_C_LANGUAGE_STANDARD = gnu11;
				GCC_NO_COMMON_BLOCKS = YES;
				GCC_WARN_64_TO_32_BIT_CONVERSION = YES;
				GCC_WARN_ABOUT_RETURN_TYPE = YES_ERROR;
				GCC_WARN_UNDECLARED_SELECTOR = YES;
				GCC_WARN_UNINITIALIZED_AUTOS = YES_AGGRESSIVE;
				GCC_WARN_UNUSED_FUNCTION = YES;
				GCC_WARN_UNUSED_VARIABLE = YES;
				IPHONEOS_DEPLOYMENT_TARGET = 15.4;
				MTL_ENABLE_DEBUG_INFO = NO;
				MTL_FAST_MATH = YES;
				SDKROOT = iphoneos;
				SWIFT_COMPILATION_MODE = wholemodule;
				SWIFT_OPTIMIZATION_LEVEL = "-O";
				VALIDATE_PRODUCT = YES;
			};
			name = Release;
		};
		90224F6C282F2ABB00B57294 /* Debug */ = {
			isa = XCBuildConfiguration;
			buildSettings = {
				ASSETCATALOG_COMPILER_APPICON_NAME = AppIcon;
				ASSETCATALOG_COMPILER_GLOBAL_ACCENT_COLOR_NAME = AccentColor;
				CODE_SIGN_STYLE = Automatic;
				CURRENT_PROJECT_VERSION = 1;
				DEVELOPMENT_TEAM = GDKDK6KP5Z;
				GENERATE_INFOPLIST_FILE = YES;
				INFOPLIST_FILE = UML_Sample/Info.plist;
				INFOPLIST_KEY_UIApplicationSupportsIndirectInputEvents = YES;
				INFOPLIST_KEY_UILaunchStoryboardName = LaunchScreen;
				INFOPLIST_KEY_UIMainStoryboardFile = Main;
				INFOPLIST_KEY_UISupportedInterfaceOrientations_iPad = "UIInterfaceOrientationPortrait UIInterfaceOrientationPortraitUpsideDown UIInterfaceOrientationLandscapeLeft UIInterfaceOrientationLandscapeRight";
				INFOPLIST_KEY_UISupportedInterfaceOrientations_iPhone = "UIInterfaceOrientationPortrait UIInterfaceOrientationLandscapeLeft UIInterfaceOrientationLandscapeRight";
				LD_RUNPATH_SEARCH_PATHS = (
					"$(inherited)",
					"@executable_path/Frameworks",
				);
				MARKETING_VERSION = 1.0;
				PRODUCT_BUNDLE_IDENTIFIER = "com.yagom.swift.toyo.UML-Sample";
				PRODUCT_NAME = "$(TARGET_NAME)";
				SWIFT_EMIT_LOC_STRINGS = YES;
				SWIFT_VERSION = 5.0;
				TARGETED_DEVICE_FAMILY = "1,2";
			};
			name = Debug;
		};
		90224F6D282F2ABB00B57294 /* Release */ = {
			isa = XCBuildConfiguration;
			buildSettings = {
				ASSETCATALOG_COMPILER_APPICON_NAME = AppIcon;
				ASSETCATALOG_COMPILER_GLOBAL_ACCENT_COLOR_NAME = AccentColor;
				CODE_SIGN_STYLE = Automatic;
				CURRENT_PROJECT_VERSION = 1;
				DEVELOPMENT_TEAM = GDKDK6KP5Z;
				GENERATE_INFOPLIST_FILE = YES;
				INFOPLIST_FILE = UML_Sample/Info.plist;
				INFOPLIST_KEY_UIApplicationSupportsIndirectInputEvents = YES;
				INFOPLIST_KEY_UILaunchStoryboardName = LaunchScreen;
				INFOPLIST_KEY_UIMainStoryboardFile = Main;
				INFOPLIST_KEY_UISupportedInterfaceOrientations_iPad = "UIInterfaceOrientationPortrait UIInterfaceOrientationPortraitUpsideDown UIInterfaceOrientationLandscapeLeft UIInterfaceOrientationLandscapeRight";
				INFOPLIST_KEY_UISupportedInterfaceOrientations_iPhone = "UIInterfaceOrientationPortrait UIInterfaceOrientationLandscapeLeft UIInterfaceOrientationLandscapeRight";
				LD_RUNPATH_SEARCH_PATHS = (
					"$(inherited)",
					"@executable_path/Frameworks",
				);
				MARKETING_VERSION = 1.0;
				PRODUCT_BUNDLE_IDENTIFIER = "com.yagom.swift.toyo.UML-Sample";
				PRODUCT_NAME = "$(TARGET_NAME)";
				SWIFT_EMIT_LOC_STRINGS = YES;
				SWIFT_VERSION = 5.0;
				TARGETED_DEVICE_FAMILY = "1,2";
			};
			name = Release;
		};
		90224F6F282F2ABB00B57294 /* Debug */ = {
			isa = XCBuildConfiguration;
			buildSettings = {
				ALWAYS_EMBED_SWIFT_STANDARD_LIBRARIES = YES;
				BUNDLE_LOADER = "$(TEST_HOST)";
				CODE_SIGN_STYLE = Automatic;
				CURRENT_PROJECT_VERSION = 1;
				DEVELOPMENT_TEAM = GDKDK6KP5Z;
				GENERATE_INFOPLIST_FILE = YES;
				IPHONEOS_DEPLOYMENT_TARGET = 15.4;
				MARKETING_VERSION = 1.0;
				PRODUCT_BUNDLE_IDENTIFIER = "com.yagom.swift.toyo.UML-SampleTests";
				PRODUCT_NAME = "$(TARGET_NAME)";
				SWIFT_EMIT_LOC_STRINGS = NO;
				SWIFT_VERSION = 5.0;
				TARGETED_DEVICE_FAMILY = "1,2";
				TEST_HOST = "$(BUILT_PRODUCTS_DIR)/UML_Sample.app/UML_Sample";
			};
			name = Debug;
		};
		90224F70282F2ABB00B57294 /* Release */ = {
			isa = XCBuildConfiguration;
			buildSettings = {
				ALWAYS_EMBED_SWIFT_STANDARD_LIBRARIES = YES;
				BUNDLE_LOADER = "$(TEST_HOST)";
				CODE_SIGN_STYLE = Automatic;
				CURRENT_PROJECT_VERSION = 1;
				DEVELOPMENT_TEAM = GDKDK6KP5Z;
				GENERATE_INFOPLIST_FILE = YES;
				IPHONEOS_DEPLOYMENT_TARGET = 15.4;
				MARKETING_VERSION = 1.0;
				PRODUCT_BUNDLE_IDENTIFIER = "com.yagom.swift.toyo.UML-SampleTests";
				PRODUCT_NAME = "$(TARGET_NAME)";
				SWIFT_EMIT_LOC_STRINGS = NO;
				SWIFT_VERSION = 5.0;
				TARGETED_DEVICE_FAMILY = "1,2";
				TEST_HOST = "$(BUILT_PRODUCTS_DIR)/UML_Sample.app/UML_Sample";
			};
			name = Release;
		};
		90224F72282F2ABB00B57294 /* Debug */ = {
			isa = XCBuildConfiguration;
			buildSettings = {
				ALWAYS_EMBED_SWIFT_STANDARD_LIBRARIES = YES;
				CODE_SIGN_STYLE = Automatic;
				CURRENT_PROJECT_VERSION = 1;
				DEVELOPMENT_TEAM = GDKDK6KP5Z;
				GENERATE_INFOPLIST_FILE = YES;
				MARKETING_VERSION = 1.0;
				PRODUCT_BUNDLE_IDENTIFIER = "com.yagom.swift.toyo.UML-SampleUITests";
				PRODUCT_NAME = "$(TARGET_NAME)";
				SWIFT_EMIT_LOC_STRINGS = NO;
				SWIFT_VERSION = 5.0;
				TARGETED_DEVICE_FAMILY = "1,2";
				TEST_TARGET_NAME = UML_Sample;
			};
			name = Debug;
		};
		90224F73282F2ABB00B57294 /* Release */ = {
			isa = XCBuildConfiguration;
			buildSettings = {
				ALWAYS_EMBED_SWIFT_STANDARD_LIBRARIES = YES;
				CODE_SIGN_STYLE = Automatic;
				CURRENT_PROJECT_VERSION = 1;
				DEVELOPMENT_TEAM = GDKDK6KP5Z;
				GENERATE_INFOPLIST_FILE = YES;
				MARKETING_VERSION = 1.0;
				PRODUCT_BUNDLE_IDENTIFIER = "com.yagom.swift.toyo.UML-SampleUITests";
				PRODUCT_NAME = "$(TARGET_NAME)";
				SWIFT_EMIT_LOC_STRINGS = NO;
				SWIFT_VERSION = 5.0;
				TARGETED_DEVICE_FAMILY = "1,2";
				TEST_TARGET_NAME = UML_Sample;
			};
			name = Release;
		};
/* End XCBuildConfiguration section */

/* Begin XCConfigurationList section */
		90224F3C282F2AB900B57294 /* Build configuration list for PBXProject "UML_Sample" */ = {
			isa = XCConfigurationList;
			buildConfigurations = (
				90224F69282F2ABB00B57294 /* Debug */,
				90224F6A282F2ABB00B57294 /* Release */,
			);
			defaultConfigurationIsVisible = 0;
			defaultConfigurationName = Release;
		};
		90224F6B282F2ABB00B57294 /* Build configuration list for PBXNativeTarget "UML_Sample" */ = {
			isa = XCConfigurationList;
			buildConfigurations = (
				90224F6C282F2ABB00B57294 /* Debug */,
				90224F6D282F2ABB00B57294 /* Release */,
			);
			defaultConfigurationIsVisible = 0;
			defaultConfigurationName = Release;
		};
		90224F6E282F2ABB00B57294 /* Build configuration list for PBXNativeTarget "UML_SampleTests" */ = {
			isa = XCConfigurationList;
			buildConfigurations = (
				90224F6F282F2ABB00B57294 /* Debug */,
				90224F70282F2ABB00B57294 /* Release */,
			);
			defaultConfigurationIsVisible = 0;
			defaultConfigurationName = Release;
		};
		90224F71282F2ABB00B57294 /* Build configuration list for PBXNativeTarget "UML_SampleUITests" */ = {
			isa = XCConfigurationList;
			buildConfigurations = (
				90224F72282F2ABB00B57294 /* Debug */,
				90224F73282F2ABB00B57294 /* Release */,
			);
			defaultConfigurationIsVisible = 0;
			defaultConfigurationName = Release;
		};
/* End XCConfigurationList section */
	};
	rootObject = 90224F39282F2AB900B57294 /* Project object */;
}
